{
  "version": 4,
  "terraform_version": "1.10.5",
  "serial": 270,
  "lineage": "95706e85-6a86-91be-ee01-74e66248b1d5",
  "outputs": {
    "api_url": {
      "value": "https://ysjhmahii2.execute-api.us-east-1.amazonaws.com",
      "type": "string"
    },
    "websocket_api_url": {
      "value": "wss://q0052fmegi.execute-api.us-east-1.amazonaws.com",
      "type": "string"
    }
  },
  "resources": [
    {
      "mode": "data",
      "type": "aws_caller_identity",
      "name": "current",
      "provider": "provider[\"registry.terraform.io/hashicorp/aws\"]",
      "instances": [
        {
          "schema_version": 0,
          "attributes": {
            "account_id": "302263089548",
            "arn": "arn:aws:iam::302263089548:user/TFM",
            "id": "302263089548",
            "user_id": "AIDAUMYCIXGGH7ASGCN6X"
          },
          "sensitive_attributes": []
        }
      ]
    },
    {
      "mode": "managed",
      "type": "aws_apigatewayv2_api",
      "name": "api",
      "provider": "provider[\"registry.terraform.io/hashicorp/aws\"]",
      "instances": [
        {
          "schema_version": 0,
          "attributes": {
            "api_endpoint": "https://ysjhmahii2.execute-api.us-east-1.amazonaws.com",
            "api_key_selection_expression": "$request.header.x-api-key",
            "arn": "arn:aws:apigateway:us-east-1::/apis/ysjhmahii2",
            "body": null,
            "cors_configuration": [],
            "credentials_arn": null,
            "description": "",
            "disable_execute_api_endpoint": false,
            "execution_arn": "arn:aws:execute-api:us-east-1:302263089548:ysjhmahii2",
            "fail_on_warnings": null,
            "id": "ysjhmahii2",
            "name": "apirest-lambda-api",
            "protocol_type": "HTTP",
            "route_key": null,
            "route_selection_expression": "$request.method $request.path",
            "tags": {},
            "tags_all": {},
            "target": null,
            "version": ""
          },
          "sensitive_attributes": [],
          "private": "bnVsbA=="
        }
      ]
    },
    {
      "mode": "managed",
      "type": "aws_apigatewayv2_api",
      "name": "websocket_api",
      "provider": "provider[\"registry.terraform.io/hashicorp/aws\"]",
      "instances": [
        {
          "schema_version": 0,
          "attributes": {
            "api_endpoint": "wss://q0052fmegi.execute-api.us-east-1.amazonaws.com",
            "api_key_selection_expression": "$request.header.x-api-key",
            "arn": "arn:aws:apigateway:us-east-1::/apis/q0052fmegi",
            "body": null,
            "cors_configuration": [],
            "credentials_arn": null,
            "description": "",
            "disable_execute_api_endpoint": false,
            "execution_arn": "arn:aws:execute-api:us-east-1:302263089548:q0052fmegi",
            "fail_on_warnings": null,
            "id": "q0052fmegi",
            "name": "websockets-api-zx64",
            "protocol_type": "WEBSOCKET",
            "route_key": null,
            "route_selection_expression": "$request.body.action",
            "tags": {},
            "tags_all": {},
            "target": null,
            "version": ""
          },
          "sensitive_attributes": [],
          "private": "bnVsbA==",
          "dependencies": [
            "random_string.random_id"
          ]
        }
      ]
    },
    {
      "mode": "managed",
      "type": "aws_apigatewayv2_integration",
      "name": "integration",
      "provider": "provider[\"registry.terraform.io/hashicorp/aws\"]",
      "instances": [
        {
          "schema_version": 0,
          "attributes": {
            "api_id": "ysjhmahii2",
            "connection_id": "",
            "connection_type": "INTERNET",
            "content_handling_strategy": "",
            "credentials_arn": "",
            "description": "",
            "id": "phccz53",
            "integration_method": "POST",
            "integration_response_selection_expression": "",
            "integration_subtype": "",
            "integration_type": "AWS_PROXY",
            "integration_uri": "arn:aws:apigateway:us-east-1:lambda:path/2015-03-31/functions/arn:aws:lambda:us-east-1:302263089548:function:apirest-lambda/invocations",
            "passthrough_behavior": "",
            "payload_format_version": "2.0",
            "request_parameters": {},
            "request_templates": {},
            "response_parameters": [],
            "template_selection_expression": "",
            "timeout_milliseconds": 30000,
            "tls_config": []
          },
          "sensitive_attributes": [],
          "private": "bnVsbA==",
          "dependencies": [
            "aws_apigatewayv2_api.api",
            "aws_iam_role.lambda_role",
            "aws_lambda_function.lambda"
          ]
        }
      ]
    },
    {
      "mode": "managed",
      "type": "aws_apigatewayv2_integration",
      "name": "lambda_integration",
      "provider": "provider[\"registry.terraform.io/hashicorp/aws\"]",
      "instances": [
        {
          "schema_version": 0,
          "attributes": {
            "api_id": "q0052fmegi",
            "connection_id": "",
            "connection_type": "INTERNET",
            "content_handling_strategy": "",
            "credentials_arn": "",
            "description": "",
            "id": "vw84by1",
            "integration_method": "POST",
            "integration_response_selection_expression": "",
            "integration_subtype": "",
            "integration_type": "AWS_PROXY",
            "integration_uri": "arn:aws:apigateway:us-east-1:lambda:path/2015-03-31/functions/arn:aws:lambda:us-east-1:302263089548:function:websockets-lambda/invocations",
            "passthrough_behavior": "WHEN_NO_MATCH",
            "payload_format_version": "1.0",
            "request_parameters": null,
            "request_templates": null,
            "response_parameters": [],
            "template_selection_expression": "",
            "timeout_milliseconds": 29000,
            "tls_config": []
          },
          "sensitive_attributes": [],
          "private": "bnVsbA==",
          "dependencies": [
            "aws_apigatewayv2_api.websocket_api",
            "aws_iam_role.lambda_execution_role",
            "aws_lambda_function.websockets_lambda",
            "random_string.random_id"
          ]
        }
      ]
    },
    {
      "mode": "managed",
      "type": "aws_apigatewayv2_route",
      "name": "connect_route",
      "provider": "provider[\"registry.terraform.io/hashicorp/aws\"]",
      "instances": [
        {
          "schema_version": 0,
          "attributes": {
            "api_id": "q0052fmegi",
            "api_key_required": false,
            "authorization_scopes": null,
            "authorization_type": "NONE",
            "authorizer_id": "",
            "id": "0fx6duu",
            "model_selection_expression": "",
            "operation_name": "",
            "request_models": null,
            "request_parameter": [],
            "route_key": "$connect",
            "route_response_selection_expression": "",
            "target": "integrations/vw84by1"
          },
          "sensitive_attributes": [],
          "private": "bnVsbA==",
          "dependencies": [
            "aws_apigatewayv2_api.websocket_api",
            "aws_apigatewayv2_integration.lambda_integration",
            "aws_iam_role.lambda_execution_role",
            "aws_lambda_function.websockets_lambda",
            "random_string.random_id"
          ]
        }
      ]
    },
    {
      "mode": "managed",
      "type": "aws_apigatewayv2_route",
      "name": "default_route",
      "provider": "provider[\"registry.terraform.io/hashicorp/aws\"]",
      "instances": [
        {
          "schema_version": 0,
          "attributes": {
            "api_id": "q0052fmegi",
            "api_key_required": false,
            "authorization_scopes": null,
            "authorization_type": "NONE",
            "authorizer_id": "",
            "id": "pm7dhb5",
            "model_selection_expression": "",
            "operation_name": "",
            "request_models": null,
            "request_parameter": [],
            "route_key": "$default",
            "route_response_selection_expression": "",
            "target": "integrations/vw84by1"
          },
          "sensitive_attributes": [],
          "private": "bnVsbA==",
          "dependencies": [
            "aws_apigatewayv2_api.websocket_api",
            "aws_apigatewayv2_integration.lambda_integration",
            "aws_iam_role.lambda_execution_role",
            "aws_lambda_function.websockets_lambda",
            "random_string.random_id"
          ]
        }
      ]
    },
    {
      "mode": "managed",
      "type": "aws_apigatewayv2_route",
      "name": "disconnect_route",
      "provider": "provider[\"registry.terraform.io/hashicorp/aws\"]",
      "instances": [
        {
          "schema_version": 0,
          "attributes": {
            "api_id": "q0052fmegi",
            "api_key_required": false,
            "authorization_scopes": null,
            "authorization_type": "NONE",
            "authorizer_id": "",
            "id": "4gikmv2",
            "model_selection_expression": "",
            "operation_name": "",
            "request_models": null,
            "request_parameter": [],
            "route_key": "$disconnect",
            "route_response_selection_expression": "",
            "target": "integrations/vw84by1"
          },
          "sensitive_attributes": [],
          "private": "bnVsbA==",
          "dependencies": [
            "aws_apigatewayv2_api.websocket_api",
            "aws_apigatewayv2_integration.lambda_integration",
            "aws_iam_role.lambda_execution_role",
            "aws_lambda_function.websockets_lambda",
            "random_string.random_id"
          ]
        }
      ]
    },
    {
      "mode": "managed",
      "type": "aws_apigatewayv2_route",
      "name": "route",
      "provider": "provider[\"registry.terraform.io/hashicorp/aws\"]",
      "instances": [
        {
          "schema_version": 0,
          "attributes": {
            "api_id": "ysjhmahii2",
            "api_key_required": false,
            "authorization_scopes": [],
            "authorization_type": "NONE",
            "authorizer_id": "",
            "id": "75s95ca",
            "model_selection_expression": "",
            "operation_name": "",
            "request_models": {},
            "request_parameter": [],
            "route_key": "ANY /{proxy+}",
            "route_response_selection_expression": "",
            "target": "integrations/phccz53"
          },
          "sensitive_attributes": [],
          "private": "bnVsbA==",
          "dependencies": [
            "aws_apigatewayv2_api.api",
            "aws_apigatewayv2_integration.integration",
            "aws_iam_role.lambda_role",
            "aws_lambda_function.lambda"
          ]
        }
      ]
    },
    {
      "mode": "managed",
      "type": "aws_apigatewayv2_stage",
      "name": "stage",
      "provider": "provider[\"registry.terraform.io/hashicorp/aws\"]",
      "instances": [
        {
          "schema_version": 0,
          "attributes": {
            "access_log_settings": [],
            "api_id": "ysjhmahii2",
            "arn": "arn:aws:apigateway:us-east-1::/apis/ysjhmahii2/stages/$default",
            "auto_deploy": true,
            "client_certificate_id": "",
            "default_route_settings": [
              {
                "data_trace_enabled": false,
                "detailed_metrics_enabled": false,
                "logging_level": "",
                "throttling_burst_limit": 0,
                "throttling_rate_limit": 0
              }
            ],
            "deployment_id": "ewp5ub",
            "description": "",
            "execution_arn": "arn:aws:execute-api:us-east-1:302263089548:ysjhmahii2/$default",
            "id": "$default",
            "invoke_url": "https://ysjhmahii2.execute-api.us-east-1.amazonaws.com/",
            "name": "$default",
            "route_settings": [],
            "stage_variables": {},
            "tags": {},
            "tags_all": {}
          },
          "sensitive_attributes": [],
          "private": "bnVsbA==",
          "dependencies": [
            "aws_apigatewayv2_api.api"
          ]
        }
      ]
    },
    {
      "mode": "managed",
      "type": "aws_apigatewayv2_stage",
      "name": "websocket_stage",
      "provider": "provider[\"registry.terraform.io/hashicorp/aws\"]",
      "instances": [
        {
          "schema_version": 0,
          "attributes": {
            "access_log_settings": [],
            "api_id": "q0052fmegi",
            "arn": "arn:aws:apigateway:us-east-1::/apis/q0052fmegi/stages/production",
            "auto_deploy": true,
            "client_certificate_id": "",
            "default_route_settings": [
              {
                "data_trace_enabled": false,
                "detailed_metrics_enabled": false,
                "logging_level": "OFF",
                "throttling_burst_limit": 0,
                "throttling_rate_limit": 0
              }
            ],
            "deployment_id": "",
            "description": "",
            "execution_arn": "arn:aws:execute-api:us-east-1:302263089548:q0052fmegi/production",
            "id": "production",
            "invoke_url": "wss://q0052fmegi.execute-api.us-east-1.amazonaws.com/production",
            "name": "production",
            "route_settings": [],
            "stage_variables": {},
            "tags": {},
            "tags_all": {}
          },
          "sensitive_attributes": [],
          "private": "bnVsbA==",
          "dependencies": [
            "aws_apigatewayv2_api.websocket_api",
            "random_string.random_id"
          ]
        }
      ]
    },
    {
      "mode": "managed",
      "type": "aws_iam_policy",
      "name": "dynamo_write_policy",
      "provider": "provider[\"registry.terraform.io/hashicorp/aws\"]",
      "instances": [
        {
          "schema_version": 0,
          "attributes": {
            "arn": "arn:aws:iam::302263089548:policy/websockets-lambda-dynamo-write-policy",
            "description": "",
            "id": "arn:aws:iam::302263089548:policy/websockets-lambda-dynamo-write-policy",
            "name": "websockets-lambda-dynamo-write-policy",
            "name_prefix": null,
            "path": "/",
            "policy": "{\"Statement\":[{\"Action\":[\"dynamodb:PutItem\",\"dynamodb:UpdateItem\",\"dynamodb:DeleteItem\",\"dynamodb:BatchWriteItem\"],\"Effect\":\"Allow\",\"Resource\":\"*\"}],\"Version\":\"2012-10-17\"}",
            "policy_id": "ANPAUMYCIXGGJNLC53XOT",
            "tags": {},
            "tags_all": {}
          },
          "sensitive_attributes": [],
          "private": "bnVsbA=="
        }
      ]
    },
    {
      "mode": "managed",
      "type": "aws_iam_role",
      "name": "lambda_execution_role",
      "provider": "provider[\"registry.terraform.io/hashicorp/aws\"]",
      "instances": [
        {
          "schema_version": 0,
          "attributes": {
            "arn": "arn:aws:iam::302263089548:role/websockets-lambda-exec-role",
            "assume_role_policy": "{\"Version\":\"2012-10-17\",\"Statement\":[{\"Effect\":\"Allow\",\"Principal\":{\"Service\":\"lambda.amazonaws.com\"},\"Action\":\"sts:AssumeRole\"}]}",
            "create_date": "2025-02-15T09:24:19Z",
            "description": "",
            "force_detach_policies": false,
            "id": "websockets-lambda-exec-role",
            "inline_policy": [
              {
                "name": "",
                "policy": ""
              }
            ],
            "managed_policy_arns": [
              "arn:aws:iam::302263089548:policy/websockets-lambda-dynamo-write-policy"
            ],
            "max_session_duration": 3600,
            "name": "websockets-lambda-exec-role",
            "name_prefix": "",
            "path": "/",
            "permissions_boundary": null,
            "tags": {},
            "tags_all": {},
            "unique_id": "AROAUMYCIXGGMDVG2PJMH"
          },
          "sensitive_attributes": [],
          "private": "bnVsbA=="
        }
      ]
    },
    {
      "mode": "managed",
      "type": "aws_iam_role",
      "name": "lambda_role",
      "provider": "provider[\"registry.terraform.io/hashicorp/aws\"]",
      "instances": [
        {
          "schema_version": 0,
          "attributes": {
            "arn": "arn:aws:iam::302263089548:role/lambda_role",
            "assume_role_policy": "{\"Version\":\"2012-10-17\",\"Statement\":[{\"Effect\":\"Allow\",\"Principal\":{\"Service\":\"lambda.amazonaws.com\"},\"Action\":\"sts:AssumeRole\"}]}",
            "create_date": "2025-02-15T06:53:42Z",
            "description": "",
            "force_detach_policies": false,
            "id": "lambda_role",
            "inline_policy": [
              {
                "name": "",
                "policy": ""
              }
            ],
            "managed_policy_arns": [],
            "max_session_duration": 3600,
            "name": "lambda_role",
            "name_prefix": "",
            "path": "/",
            "permissions_boundary": "",
            "tags": {},
            "tags_all": {},
            "unique_id": "AROAUMYCIXGGLEQY55RFJ"
          },
          "sensitive_attributes": [],
          "private": "bnVsbA=="
        }
      ]
    },
    {
      "mode": "managed",
      "type": "aws_iam_role_policy_attachment",
      "name": "attach_dynamo_policy",
      "provider": "provider[\"registry.terraform.io/hashicorp/aws\"]",
      "instances": [
        {
          "schema_version": 0,
          "attributes": {
            "id": "websockets-lambda-exec-role-20250215092421142800000001",
            "policy_arn": "arn:aws:iam::302263089548:policy/websockets-lambda-dynamo-write-policy",
            "role": "websockets-lambda-exec-role"
          },
          "sensitive_attributes": [],
          "private": "bnVsbA==",
          "dependencies": [
            "aws_iam_policy.dynamo_write_policy",
            "aws_iam_role.lambda_execution_role"
          ]
        }
      ]
    },
    {
      "mode": "managed",
      "type": "aws_lambda_function",
      "name": "lambda",
      "provider": "provider[\"registry.terraform.io/hashicorp/aws\"]",
      "instances": [
        {
          "schema_version": 0,
          "attributes": {
            "architectures": [
              "x86_64"
            ],
            "arn": "arn:aws:lambda:us-east-1:302263089548:function:apirest-lambda",
            "code_signing_config_arn": "",
            "dead_letter_config": [],
            "description": "",
            "environment": [],
            "file_system_config": [],
            "filename": null,
            "function_name": "apirest-lambda",
            "handler": "",
            "id": "apirest-lambda",
            "image_config": [],
            "image_uri": "302263089548.dkr.ecr.us-east-1.amazonaws.com/apirest-lambda:latest",
            "invoke_arn": "arn:aws:apigateway:us-east-1:lambda:path/2015-03-31/functions/arn:aws:lambda:us-east-1:302263089548:function:apirest-lambda/invocations",
            "kms_key_arn": "",
            "last_modified": "2025-02-15T08:50:02.757+0000",
            "layers": [],
            "memory_size": 512,
            "package_type": "Image",
            "publish": false,
            "qualified_arn": "arn:aws:lambda:us-east-1:302263089548:function:apirest-lambda:$LATEST",
            "reserved_concurrent_executions": -1,
            "role": "arn:aws:iam::302263089548:role/lambda_role",
            "runtime": "",
            "s3_bucket": null,
            "s3_key": null,
            "s3_object_version": null,
            "signing_job_arn": "",
            "signing_profile_version_arn": "",
            "source_code_hash": "ae2c09c7657ca151bdbcc2225439b3b7920258081ae3364b0b615a588a61ee15",
            "source_code_size": 0,
            "tags": {},
            "tags_all": {},
            "timeout": 30,
            "timeouts": null,
            "tracing_config": [
              {
                "mode": "PassThrough"
              }
            ],
            "version": "$LATEST",
            "vpc_config": []
          },
          "sensitive_attributes": [],
          "private": "eyJlMmJmYjczMC1lY2FhLTExZTYtOGY4OC0zNDM2M2JjN2M0YzAiOnsiY3JlYXRlIjo2MDAwMDAwMDAwMDAsImRlbGV0ZSI6NjAwMDAwMDAwMDAwLCJ1cGRhdGUiOjYwMDAwMDAwMDAwMH19",
          "dependencies": [
            "aws_iam_role.lambda_role"
          ]
        }
      ]
    },
    {
      "mode": "managed",
      "type": "aws_lambda_function",
      "name": "websockets_lambda",
      "provider": "provider[\"registry.terraform.io/hashicorp/aws\"]",
      "instances": [
        {
          "schema_version": 0,
          "attributes": {
            "architectures": [
              "x86_64"
            ],
            "arn": "arn:aws:lambda:us-east-1:302263089548:function:websockets-lambda",
            "code_signing_config_arn": "",
            "dead_letter_config": [],
            "description": "",
            "environment": [],
            "file_system_config": [],
            "filename": null,
            "function_name": "websockets-lambda",
            "handler": "",
            "id": "websockets-lambda",
            "image_config": [],
            "image_uri": "302263089548.dkr.ecr.us-east-1.amazonaws.com/websockets-lambda:latest",
            "invoke_arn": "arn:aws:apigateway:us-east-1:lambda:path/2015-03-31/functions/arn:aws:lambda:us-east-1:302263089548:function:websockets-lambda/invocations",
            "kms_key_arn": "",
            "last_modified": "2025-02-15T09:24:30.037+0000",
            "layers": [],
            "memory_size": 128,
            "package_type": "Image",
            "publish": false,
            "qualified_arn": "arn:aws:lambda:us-east-1:302263089548:function:websockets-lambda:$LATEST",
            "reserved_concurrent_executions": -1,
            "role": "arn:aws:iam::302263089548:role/websockets-lambda-exec-role",
            "runtime": "",
            "s3_bucket": null,
            "s3_key": null,
            "s3_object_version": null,
            "signing_job_arn": "",
            "signing_profile_version_arn": "",
            "source_code_hash": "052d5a1c2a0efa35e47eb31731d92619876d32fb5fe26ad5cfb64c96c9181e1f",
            "source_code_size": 0,
            "tags": {},
            "tags_all": {},
            "timeout": 3,
            "timeouts": null,
            "tracing_config": [
              {
                "mode": "PassThrough"
              }
            ],
            "version": "$LATEST",
            "vpc_config": []
          },
          "sensitive_attributes": [],
          "private": "eyJlMmJmYjczMC1lY2FhLTExZTYtOGY4OC0zNDM2M2JjN2M0YzAiOnsiY3JlYXRlIjo2MDAwMDAwMDAwMDB9fQ==",
          "dependencies": [
            "aws_iam_role.lambda_execution_role"
          ]
        }
      ]
    },
    {
      "mode": "managed",
      "type": "aws_lambda_permission",
      "name": "apigw",
      "provider": "provider[\"registry.terraform.io/hashicorp/aws\"]",
      "instances": [
        {
          "schema_version": 0,
          "attributes": {
            "action": "lambda:InvokeFunction",
            "event_source_token": null,
            "function_name": "apirest-lambda",
            "id": "AllowAPIGatewayInvoke",
            "principal": "apigateway.amazonaws.com",
            "qualifier": "",
            "source_account": null,
            "source_arn": "arn:aws:execute-api:us-east-1:302263089548:ysjhmahii2/*/*",
            "statement_id": "AllowAPIGatewayInvoke",
            "statement_id_prefix": ""
          },
          "sensitive_attributes": [],
          "private": "bnVsbA==",
          "dependencies": [
            "aws_apigatewayv2_api.api",
            "aws_iam_role.lambda_role",
            "aws_lambda_function.lambda"
          ]
        }
      ]
    },
    {
      "mode": "managed",
      "type": "aws_lambda_permission",
      "name": "apigw_invoke",
      "provider": "provider[\"registry.terraform.io/hashicorp/aws\"]",
      "instances": [
        {
          "schema_version": 0,
          "attributes": {
            "action": "lambda:InvokeFunction",
            "event_source_token": null,
            "function_name": "websockets-lambda",
            "id": "AllowAPIGatewayInvoke",
            "principal": "apigateway.amazonaws.com",
            "qualifier": "",
            "source_account": null,
            "source_arn": "arn:aws:execute-api:us-east-1:302263089548:q0052fmegi/*/*",
            "statement_id": "AllowAPIGatewayInvoke",
            "statement_id_prefix": null
          },
          "sensitive_attributes": [],
          "private": "bnVsbA==",
          "dependencies": [
            "aws_apigatewayv2_api.websocket_api",
            "aws_iam_role.lambda_execution_role",
            "aws_lambda_function.websockets_lambda",
            "random_string.random_id"
          ]
        }
      ]
    },
    {
      "mode": "managed",
      "type": "random_string",
      "name": "random_id",
      "provider": "provider[\"registry.terraform.io/hashicorp/random\"]",
      "instances": [
        {
          "schema_version": 1,
          "attributes": {
            "id": "zx64",
            "keepers": null,
            "length": 4,
            "lower": true,
            "min_lower": 0,
            "min_numeric": 0,
            "min_special": 0,
            "min_upper": 0,
            "number": true,
            "override_special": null,
            "result": "zx64",
            "special": false,
            "upper": false
          },
          "sensitive_attributes": [],
          "private": "eyJzY2hlbWFfdmVyc2lvbiI6IjEifQ=="
        }
      ]
    }
  ],
  "check_results": null
}
